// !$*UTF8*$!
{
	archiveVersion = 1;
	classes = {
	};
	objectVersion = 46;
	objects = {

/* Begin PBXBuildFile section */
		08436C7019D9576C0045FBC2 /* main.m in Sources */ = {isa = PBXBuildFile; fileRef = 08436C6F19D9576C0045FBC2 /* main.m */; };
		08436C7319D9576C0045FBC2 /* AppDelegate.m in Sources */ = {isa = PBXBuildFile; fileRef = 08436C7219D9576C0045FBC2 /* AppDelegate.m */; };
		08436C7919D9576C0045FBC2 /* Main.storyboard in Resources */ = {isa = PBXBuildFile; fileRef = 08436C7719D9576C0045FBC2 /* Main.storyboard */; };
		08436C7B19D9576C0045FBC2 /* Images.xcassets in Resources */ = {isa = PBXBuildFile; fileRef = 08436C7A19D9576C0045FBC2 /* Images.xcassets */; };
		08436C7E19D9576C0045FBC2 /* LaunchScreen.xib in Resources */ = {isa = PBXBuildFile; fileRef = 08436C7C19D9576C0045FBC2 /* LaunchScreen.xib */; };
		08436C8A19D9576C0045FBC2 /* MobileDataSwichTests.m in Sources */ = {isa = PBXBuildFile; fileRef = 08436C8919D9576C0045FBC2 /* MobileDataSwichTests.m */; };
		088B4AE819D95867003F510D /* CoreTelephony.framework in Frameworks */ = {isa = PBXBuildFile; fileRef = 088B4AE719D95867003F510D /* CoreTelephony.framework */; };
		EC66B9C419F02F4B004BCD5E /* Localizable.strings in Resources */ = {isa = PBXBuildFile; fileRef = EC66B9C119F02C33004BCD5E /* Localizable.strings */; };
		EC66B9C719F0302A004BCD5E /* InfoPlist.strings in Resources */ = {isa = PBXBuildFile; fileRef = EC66B9C919F0302A004BCD5E /* InfoPlist.strings */; };
		EC66B9D119F03A3A004BCD5E /* NotificationCenter.framework in Frameworks */ = {isa = PBXBuildFile; fileRef = EC66B9D019F03A3A004BCD5E /* NotificationCenter.framework */; };
		EC66B9D719F03A3A004BCD5E /* TodayViewController.m in Sources */ = {isa = PBXBuildFile; fileRef = EC66B9D619F03A3A004BCD5E /* TodayViewController.m */; };
		EC66B9D919F03A3A004BCD5E /* MainInterface.storyboard in Resources */ = {isa = PBXBuildFile; fileRef = EC66B9D819F03A3A004BCD5E /* MainInterface.storyboard */; };
		EC66B9DC19F03A3A004BCD5E /* TodayExtension.appex in Embed App Extensions */ = {isa = PBXBuildFile; fileRef = EC66B9CF19F03A3A004BCD5E /* TodayExtension.appex */; settings = {ATTRIBUTES = (RemoveHeadersOnCopy, ); }; };
		EC66B9E519F03B7A004BCD5E /* InfoPlist.strings in Resources */ = {isa = PBXBuildFile; fileRef = EC66B9E719F03B7A004BCD5E /* InfoPlist.strings */; };
		EC66B9EF19F03F90004BCD5E /* CoreTelephony.framework in Frameworks */ = {isa = PBXBuildFile; fileRef = 088B4AE719D95867003F510D /* CoreTelephony.framework */; };
		EC90E93A19F101850079839F /* Localizable.strings in Resources */ = {isa = PBXBuildFile; fileRef = EC90E93C19F101850079839F /* Localizable.strings */; };
		ECDB0C8219F0B07B00F2083B /* TableViewController.m in Sources */ = {isa = PBXBuildFile; fileRef = ECDB0C8119F0B07B00F2083B /* TableViewController.m */; };
		ECDB0C8319F0C20C00F2083B /* Images.xcassets in Resources */ = {isa = PBXBuildFile; fileRef = 08436C7A19D9576C0045FBC2 /* Images.xcassets */; };
/* End PBXBuildFile section */

/* Begin PBXContainerItemProxy section */
		08436C8419D9576C0045FBC2 /* PBXContainerItemProxy */ = {
			isa = PBXContainerItemProxy;
			containerPortal = 08436C6219D9576C0045FBC2 /* Project object */;
			proxyType = 1;
			remoteGlobalIDString = 08436C6919D9576C0045FBC2;
			remoteInfo = MobileDataSwich;
		};
		EC66B9DA19F03A3A004BCD5E /* PBXContainerItemProxy */ = {
			isa = PBXContainerItemProxy;
			containerPortal = 08436C6219D9576C0045FBC2 /* Project object */;
			proxyType = 1;
			remoteGlobalIDString = EC66B9CE19F03A3A004BCD5E;
			remoteInfo = TodayExtension;
		};
		EC66B9DD19F03A3A004BCD5E /* PBXContainerItemProxy */ = {
			isa = PBXContainerItemProxy;
			containerPortal = 08436C6219D9576C0045FBC2 /* Project object */;
			proxyType = 1;
			remoteGlobalIDString = EC66B9CE19F03A3A004BCD5E;
			remoteInfo = TodayExtension;
		};
/* End PBXContainerItemProxy section */

/* Begin PBXCopyFilesBuildPhase section */
		EC66B9E219F03A3A004BCD5E /* Embed App Extensions */ = {
			isa = PBXCopyFilesBuildPhase;
			buildActionMask = 2147483647;
			dstPath = "";
			dstSubfolderSpec = 13;
			files = (
				EC66B9DC19F03A3A004BCD5E /* TodayExtension.appex in Embed App Extensions */,
			);
			name = "Embed App Extensions";
			runOnlyForDeploymentPostprocessing = 0;
		};
/* End PBXCopyFilesBuildPhase section */

/* Begin PBXFileReference section */
		08436C6A19D9576C0045FBC2 /* MobileDataSwich.app */ = {isa = PBXFileReference; explicitFileType = wrapper.application; includeInIndex = 0; path = MobileDataSwich.app; sourceTree = BUILT_PRODUCTS_DIR; };
		08436C6E19D9576C0045FBC2 /* Info.plist */ = {isa = PBXFileReference; lastKnownFileType = text.plist.xml; path = Info.plist; sourceTree = "<group>"; };
		08436C6F19D9576C0045FBC2 /* main.m */ = {isa = PBXFileReference; lastKnownFileType = sourcecode.c.objc; path = main.m; sourceTree = "<group>"; };
		08436C7119D9576C0045FBC2 /* AppDelegate.h */ = {isa = PBXFileReference; lastKnownFileType = sourcecode.c.h; path = AppDelegate.h; sourceTree = "<group>"; };
		08436C7219D9576C0045FBC2 /* AppDelegate.m */ = {isa = PBXFileReference; lastKnownFileType = sourcecode.c.objc; path = AppDelegate.m; sourceTree = "<group>"; };
		08436C7819D9576C0045FBC2 /* Base */ = {isa = PBXFileReference; lastKnownFileType = file.storyboard; name = Base; path = Base.lproj/Main.storyboard; sourceTree = "<group>"; };
		08436C7A19D9576C0045FBC2 /* Images.xcassets */ = {isa = PBXFileReference; lastKnownFileType = folder.assetcatalog; path = Images.xcassets; sourceTree = "<group>"; };
		08436C7D19D9576C0045FBC2 /* Base */ = {isa = PBXFileReference; lastKnownFileType = file.xib; name = Base; path = Base.lproj/LaunchScreen.xib; sourceTree = "<group>"; };
		08436C8319D9576C0045FBC2 /* MobileDataSwichTests.xctest */ = {isa = PBXFileReference; explicitFileType = wrapper.cfbundle; includeInIndex = 0; path = MobileDataSwichTests.xctest; sourceTree = BUILT_PRODUCTS_DIR; };
		08436C8819D9576C0045FBC2 /* Info.plist */ = {isa = PBXFileReference; lastKnownFileType = text.plist.xml; path = Info.plist; sourceTree = "<group>"; };
		08436C8919D9576C0045FBC2 /* MobileDataSwichTests.m */ = {isa = PBXFileReference; lastKnownFileType = sourcecode.c.objc; path = MobileDataSwichTests.m; sourceTree = "<group>"; };
		088B4AE719D95867003F510D /* CoreTelephony.framework */ = {isa = PBXFileReference; lastKnownFileType = wrapper.framework; name = CoreTelephony.framework; path = System/Library/Frameworks/CoreTelephony.framework; sourceTree = SDKROOT; };
		EC66B9C019F02C33004BCD5E /* en */ = {isa = PBXFileReference; lastKnownFileType = text.plist.strings; name = en; path = en.lproj/Localizable.strings; sourceTree = "<group>"; };
		EC66B9C219F02C43004BCD5E /* zh-Hans */ = {isa = PBXFileReference; lastKnownFileType = text.plist.strings; name = "zh-Hans"; path = "zh-Hans.lproj/Localizable.strings"; sourceTree = "<group>"; };
		EC66B9C819F0302A004BCD5E /* en */ = {isa = PBXFileReference; lastKnownFileType = text.plist.strings; name = en; path = en.lproj/InfoPlist.strings; sourceTree = "<group>"; };
		EC66B9CA19F0302C004BCD5E /* zh-Hans */ = {isa = PBXFileReference; lastKnownFileType = text.plist.strings; name = "zh-Hans"; path = "zh-Hans.lproj/InfoPlist.strings"; sourceTree = "<group>"; };
		EC66B9CF19F03A3A004BCD5E /* TodayExtension.appex */ = {isa = PBXFileReference; explicitFileType = "wrapper.app-extension"; includeInIndex = 0; path = TodayExtension.appex; sourceTree = BUILT_PRODUCTS_DIR; };
		EC66B9D019F03A3A004BCD5E /* NotificationCenter.framework */ = {isa = PBXFileReference; lastKnownFileType = wrapper.framework; name = NotificationCenter.framework; path = System/Library/Frameworks/NotificationCenter.framework; sourceTree = SDKROOT; };
		EC66B9D419F03A3A004BCD5E /* Info.plist */ = {isa = PBXFileReference; lastKnownFileType = text.plist.xml; path = Info.plist; sourceTree = "<group>"; };
		EC66B9D519F03A3A004BCD5E /* TodayViewController.h */ = {isa = PBXFileReference; lastKnownFileType = sourcecode.c.h; path = TodayViewController.h; sourceTree = "<group>"; };
		EC66B9D619F03A3A004BCD5E /* TodayViewController.m */ = {isa = PBXFileReference; lastKnownFileType = sourcecode.c.objc; path = TodayViewController.m; sourceTree = "<group>"; };
		EC66B9D819F03A3A004BCD5E /* MainInterface.storyboard */ = {isa = PBXFileReference; lastKnownFileType = file.storyboard; path = MainInterface.storyboard; sourceTree = "<group>"; };
		EC66B9E619F03B7A004BCD5E /* en */ = {isa = PBXFileReference; lastKnownFileType = text.plist.strings; name = en; path = en.lproj/InfoPlist.strings; sourceTree = "<group>"; };
		EC66B9E819F03B7B004BCD5E /* zh-Hans */ = {isa = PBXFileReference; lastKnownFileType = text.plist.strings; name = "zh-Hans"; path = "zh-Hans.lproj/InfoPlist.strings"; sourceTree = "<group>"; };
		EC90E93B19F101850079839F /* en */ = {isa = PBXFileReference; lastKnownFileType = text.plist.strings; name = en; path = en.lproj/Localizable.strings; sourceTree = "<group>"; };
		EC90E93D19F101870079839F /* zh-Hans */ = {isa = PBXFileReference; lastKnownFileType = text.plist.strings; name = "zh-Hans"; path = "zh-Hans.lproj/Localizable.strings"; sourceTree = "<group>"; };
		ECDB0C8019F0B07B00F2083B /* TableViewController.h */ = {isa = PBXFileReference; fileEncoding = 4; lastKnownFileType = sourcecode.c.h; path = TableViewController.h; sourceTree = "<group>"; };
		ECDB0C8119F0B07B00F2083B /* TableViewController.m */ = {isa = PBXFileReference; fileEncoding = 4; lastKnownFileType = sourcecode.c.objc; path = TableViewController.m; sourceTree = "<group>"; };
/* End PBXFileReference section */

/* Begin PBXFrameworksBuildPhase section */
		08436C6719D9576C0045FBC2 /* Frameworks */ = {
			isa = PBXFrameworksBuildPhase;
			buildActionMask = 2147483647;
			files = (
				088B4AE819D95867003F510D /* CoreTelephony.framework in Frameworks */,
			);
			runOnlyForDeploymentPostprocessing = 0;
		};
		08436C8019D9576C0045FBC2 /* Frameworks */ = {
			isa = PBXFrameworksBuildPhase;
			buildActionMask = 2147483647;
			files = (
			);
			runOnlyForDeploymentPostprocessing = 0;
		};
		EC66B9CC19F03A3A004BCD5E /* Frameworks */ = {
			isa = PBXFrameworksBuildPhase;
			buildActionMask = 2147483647;
			files = (
				EC66B9EF19F03F90004BCD5E /* CoreTelephony.framework in Frameworks */,
				EC66B9D119F03A3A004BCD5E /* NotificationCenter.framework in Frameworks */,
			);
			runOnlyForDeploymentPostprocessing = 0;
		};
/* End PBXFrameworksBuildPhase section */

/* Begin PBXGroup section */
		08436C6119D9576C0045FBC2 = {
			isa = PBXGroup;
			children = (
				08436C6C19D9576C0045FBC2 /* MobileDataSwich */,
				08436C8619D9576C0045FBC2 /* MobileDataSwichTests */,
				EC66B9D219F03A3A004BCD5E /* TodayExtension */,
				088B4AE919D95876003F510D /* Frameworks */,
				08436C6B19D9576C0045FBC2 /* Products */,
			);
			sourceTree = "<group>";
		};
		08436C6B19D9576C0045FBC2 /* Products */ = {
			isa = PBXGroup;
			children = (
				08436C6A19D9576C0045FBC2 /* MobileDataSwich.app */,
				08436C8319D9576C0045FBC2 /* MobileDataSwichTests.xctest */,
				EC66B9CF19F03A3A004BCD5E /* TodayExtension.appex */,
			);
			name = Products;
			sourceTree = "<group>";
		};
		08436C6C19D9576C0045FBC2 /* MobileDataSwich */ = {
			isa = PBXGroup;
			children = (
				08436C7119D9576C0045FBC2 /* AppDelegate.h */,
				08436C7219D9576C0045FBC2 /* AppDelegate.m */,
				ECDB0C8019F0B07B00F2083B /* TableViewController.h */,
				ECDB0C8119F0B07B00F2083B /* TableViewController.m */,
				08436C7719D9576C0045FBC2 /* Main.storyboard */,
				08436C7A19D9576C0045FBC2 /* Images.xcassets */,
				08436C7C19D9576C0045FBC2 /* LaunchScreen.xib */,
				08436C6D19D9576C0045FBC2 /* Supporting Files */,
			);
			path = MobileDataSwich;
			sourceTree = "<group>";
		};
		08436C6D19D9576C0045FBC2 /* Supporting Files */ = {
			isa = PBXGroup;
			children = (
				EC66B9C919F0302A004BCD5E /* InfoPlist.strings */,
				EC66B9C119F02C33004BCD5E /* Localizable.strings */,
				08436C6E19D9576C0045FBC2 /* Info.plist */,
				08436C6F19D9576C0045FBC2 /* main.m */,
			);
			name = "Supporting Files";
			sourceTree = "<group>";
		};
		08436C8619D9576C0045FBC2 /* MobileDataSwichTests */ = {
			isa = PBXGroup;
			children = (
				08436C8919D9576C0045FBC2 /* MobileDataSwichTests.m */,
				08436C8719D9576C0045FBC2 /* Supporting Files */,
			);
			path = MobileDataSwichTests;
			sourceTree = "<group>";
		};
		08436C8719D9576C0045FBC2 /* Supporting Files */ = {
			isa = PBXGroup;
			children = (
				08436C8819D9576C0045FBC2 /* Info.plist */,
			);
			name = "Supporting Files";
			sourceTree = "<group>";
		};
		088B4AE919D95876003F510D /* Frameworks */ = {
			isa = PBXGroup;
			children = (
				088B4AE719D95867003F510D /* CoreTelephony.framework */,
				EC66B9D019F03A3A004BCD5E /* NotificationCenter.framework */,
			);
			name = Frameworks;
			sourceTree = "<group>";
		};
		EC66B9D219F03A3A004BCD5E /* TodayExtension */ = {
			isa = PBXGroup;
			children = (
				EC66B9D519F03A3A004BCD5E /* TodayViewController.h */,
				EC66B9D619F03A3A004BCD5E /* TodayViewController.m */,
				EC66B9D819F03A3A004BCD5E /* MainInterface.storyboard */,
				EC66B9D319F03A3A004BCD5E /* Supporting Files */,
			);
			path = TodayExtension;
			sourceTree = "<group>";
		};
		EC66B9D319F03A3A004BCD5E /* Supporting Files */ = {
			isa = PBXGroup;
			children = (
				EC66B9D419F03A3A004BCD5E /* Info.plist */,
				EC90E93C19F101850079839F /* Localizable.strings */,
				EC66B9E719F03B7A004BCD5E /* InfoPlist.strings */,
			);
			name = "Supporting Files";
			sourceTree = "<group>";
		};
/* End PBXGroup section */

/* Begin PBXNativeTarget section */
		08436C6919D9576C0045FBC2 /* MobileDataSwich */ = {
			isa = PBXNativeTarget;
			buildConfigurationList = 08436C8D19D9576C0045FBC2 /* Build configuration list for PBXNativeTarget "MobileDataSwich" */;
			buildPhases = (
				08436C6619D9576C0045FBC2 /* Sources */,
				08436C6719D9576C0045FBC2 /* Frameworks */,
				08436C6819D9576C0045FBC2 /* Resources */,
				EC66B9E219F03A3A004BCD5E /* Embed App Extensions */,
			);
			buildRules = (
			);
			dependencies = (
				EC66B9DB19F03A3A004BCD5E /* PBXTargetDependency */,
				EC66B9DE19F03A3A004BCD5E /* PBXTargetDependency */,
			);
			name = MobileDataSwich;
			productName = MobileDataSwich;
			productReference = 08436C6A19D9576C0045FBC2 /* MobileDataSwich.app */;
			productType = "com.apple.product-type.application";
		};
		08436C8219D9576C0045FBC2 /* MobileDataSwichTests */ = {
			isa = PBXNativeTarget;
			buildConfigurationList = 08436C9019D9576C0045FBC2 /* Build configuration list for PBXNativeTarget "MobileDataSwichTests" */;
			buildPhases = (
				08436C7F19D9576C0045FBC2 /* Sources */,
				08436C8019D9576C0045FBC2 /* Frameworks */,
				08436C8119D9576C0045FBC2 /* Resources */,
			);
			buildRules = (
			);
			dependencies = (
				08436C8519D9576C0045FBC2 /* PBXTargetDependency */,
			);
			name = MobileDataSwichTests;
			productName = MobileDataSwichTests;
			productReference = 08436C8319D9576C0045FBC2 /* MobileDataSwichTests.xctest */;
			productType = "com.apple.product-type.bundle.unit-test";
		};
		EC66B9CE19F03A3A004BCD5E /* TodayExtension */ = {
			isa = PBXNativeTarget;
			buildConfigurationList = EC66B9DF19F03A3A004BCD5E /* Build configuration list for PBXNativeTarget "TodayExtension" */;
			buildPhases = (
				EC66B9CB19F03A3A004BCD5E /* Sources */,
				EC66B9CC19F03A3A004BCD5E /* Frameworks */,
				EC66B9CD19F03A3A004BCD5E /* Resources */,
			);
			buildRules = (
			);
			dependencies = (
			);
			name = TodayExtension;
			productName = TodayExtension;
			productReference = EC66B9CF19F03A3A004BCD5E /* TodayExtension.appex */;
			productType = "com.apple.product-type.app-extension";
		};
/* End PBXNativeTarget section */

/* Begin PBXProject section */
		08436C6219D9576C0045FBC2 /* Project object */ = {
			isa = PBXProject;
			attributes = {
				LastUpgradeCheck = 0600;
				ORGANIZATIONNAME = ly;
				TargetAttributes = {
					08436C6919D9576C0045FBC2 = {
						CreatedOnToolsVersion = 6.0.1;
					};
					08436C8219D9576C0045FBC2 = {
						CreatedOnToolsVersion = 6.0.1;
						TestTargetID = 08436C6919D9576C0045FBC2;
					};
					EC66B9CE19F03A3A004BCD5E = {
						CreatedOnToolsVersion = 6.0.1;
					};
				};
			};
			buildConfigurationList = 08436C6519D9576C0045FBC2 /* Build configuration list for PBXProject "MobileDataSwich" */;
			compatibilityVersion = "Xcode 3.2";
			developmentRegion = English;
			hasScannedForEncodings = 0;
			knownRegions = (
				en,
				Base,
				"zh-Hans",
			);
			mainGroup = 08436C6119D9576C0045FBC2;
			productRefGroup = 08436C6B19D9576C0045FBC2 /* Products */;
			projectDirPath = "";
			projectRoot = "";
			targets = (
				08436C6919D9576C0045FBC2 /* MobileDataSwich */,
				08436C8219D9576C0045FBC2 /* MobileDataSwichTests */,
				EC66B9CE19F03A3A004BCD5E /* TodayExtension */,
			);
		};
/* End PBXProject section */

/* Begin PBXResourcesBuildPhase section */
		08436C6819D9576C0045FBC2 /* Resources */ = {
			isa = PBXResourcesBuildPhase;
			buildActionMask = 2147483647;
			files = (
				08436C7919D9576C0045FBC2 /* Main.storyboard in Resources */,
				EC66B9C419F02F4B004BCD5E /* Localizable.strings in Resources */,
				08436C7E19D9576C0045FBC2 /* LaunchScreen.xib in Resources */,
				08436C7B19D9576C0045FBC2 /* Images.xcassets in Resources */,
				EC66B9C719F0302A004BCD5E /* InfoPlist.strings in Resources */,
			);
			runOnlyForDeploymentPostprocessing = 0;
		};
		08436C8119D9576C0045FBC2 /* Resources */ = {
			isa = PBXResourcesBuildPhase;
			buildActionMask = 2147483647;
			files = (
			);
			runOnlyForDeploymentPostprocessing = 0;
		};
		EC66B9CD19F03A3A004BCD5E /* Resources */ = {
			isa = PBXResourcesBuildPhase;
			buildActionMask = 2147483647;
			files = (
				ECDB0C8319F0C20C00F2083B /* Images.xcassets in Resources */,
				EC90E93A19F101850079839F /* Localizable.strings in Resources */,
				EC66B9D919F03A3A004BCD5E /* MainInterface.storyboard in Resources */,
				EC66B9E519F03B7A004BCD5E /* InfoPlist.strings in Resources */,
			);
			runOnlyForDeploymentPostprocessing = 0;
		};
/* End PBXResourcesBuildPhase section */

/* Begin PBXSourcesBuildPhase section */
		08436C6619D9576C0045FBC2 /* Sources */ = {
			isa = PBXSourcesBuildPhase;
			buildActionMask = 2147483647;
			files = (
				08436C7319D9576C0045FBC2 /* AppDelegate.m in Sources */,
				08436C7019D9576C0045FBC2 /* main.m in Sources */,
				ECDB0C8219F0B07B00F2083B /* TableViewController.m in Sources */,
			);
			runOnlyForDeploymentPostprocessing = 0;
		};
		08436C7F19D9576C0045FBC2 /* Sources */ = {
			isa = PBXSourcesBuildPhase;
			buildActionMask = 2147483647;
			files = (
				08436C8A19D9576C0045FBC2 /* MobileDataSwichTests.m in Sources */,
			);
			runOnlyForDeploymentPostprocessing = 0;
		};
		EC66B9CB19F03A3A004BCD5E /* Sources */ = {
			isa = PBXSourcesBuildPhase;
			buildActionMask = 2147483647;
			files = (
				EC66B9D719F03A3A004BCD5E /* TodayViewController.m in Sources */,
			);
			runOnlyForDeploymentPostprocessing = 0;
		};
/* End PBXSourcesBuildPhase section */

/* Begin PBXTargetDependency section */
		08436C8519D9576C0045FBC2 /* PBXTargetDependency */ = {
			isa = PBXTargetDependency;
			target = 08436C6919D9576C0045FBC2 /* MobileDataSwich */;
			targetProxy = 08436C8419D9576C0045FBC2 /* PBXContainerItemProxy */;
		};
		EC66B9DB19F03A3A004BCD5E /* PBXTargetDependency */ = {
			isa = PBXTargetDependency;
			target = EC66B9CE19F03A3A004BCD5E /* TodayExtension */;
			targetProxy = EC66B9DA19F03A3A004BCD5E /* PBXContainerItemProxy */;
		};
		EC66B9DE19F03A3A004BCD5E /* PBXTargetDependency */ = {
			isa = PBXTargetDependency;
			target = EC66B9CE19F03A3A004BCD5E /* TodayExtension */;
			targetProxy = EC66B9DD19F03A3A004BCD5E /* PBXContainerItemProxy */;
		};
/* End PBXTargetDependency section */

/* Begin PBXVariantGroup section */
		08436C7719D9576C0045FBC2 /* Main.storyboard */ = {
			isa = PBXVariantGroup;
			children = (
				08436C7819D9576C0045FBC2 /* Base */,
			);
			name = Main.storyboard;
			sourceTree = "<group>";
		};
		08436C7C19D9576C0045FBC2 /* LaunchScreen.xib */ = {
			isa = PBXVariantGroup;
			children = (
				08436C7D19D9576C0045FBC2 /* Base */,
			);
			name = LaunchScreen.xib;
			sourceTree = "<group>";
		};
		EC66B9C119F02C33004BCD5E /* Localizable.strings */ = {
			isa = PBXVariantGroup;
			children = (
				EC66B9C019F02C33004BCD5E /* en */,
				EC66B9C219F02C43004BCD5E /* zh-Hans */,
			);
			name = Localizable.strings;
			path = MobileDataSwichTests;
			sourceTree = SOURCE_ROOT;
		};
		EC66B9C919F0302A004BCD5E /* InfoPlist.strings */ = {
			isa = PBXVariantGroup;
			children = (
				EC66B9C819F0302A004BCD5E /* en */,
				EC66B9CA19F0302C004BCD5E /* zh-Hans */,
			);
			name = InfoPlist.strings;
			sourceTree = "<group>";
		};
		EC66B9E719F03B7A004BCD5E /* InfoPlist.strings */ = {
			isa = PBXVariantGroup;
			children = (
				EC66B9E619F03B7A004BCD5E /* en */,
				EC66B9E819F03B7B004BCD5E /* zh-Hans */,
			);
			name = InfoPlist.strings;
			sourceTree = "<group>";
		};
		EC90E93C19F101850079839F /* Localizable.strings */ = {
			isa = PBXVariantGroup;
			children = (
				EC90E93B19F101850079839F /* en */,
				EC90E93D19F101870079839F /* zh-Hans */,
			);
			name = Localizable.strings;
			sourceTree = "<group>";
		};
/* End PBXVariantGroup section */

/* Begin XCBuildConfiguration section */
		08436C8B19D9576C0045FBC2 /* Debug */ = {
			isa = XCBuildConfiguration;
			buildSettings = {
				ALWAYS_SEARCH_USER_PATHS = NO;
				CLANG_CXX_LANGUAGE_STANDARD = "gnu++0x";
				CLANG_CXX_LIBRARY = "libc++";
				CLANG_ENABLE_MODULES = YES;
				CLANG_ENABLE_OBJC_ARC = YES;
				CLANG_WARN_BOOL_CONVERSION = YES;
				CLANG_WARN_CONSTANT_CONVERSION = YES;
				CLANG_WARN_DIRECT_OBJC_ISA_USAGE = YES_ERROR;
				CLANG_WARN_EMPTY_BODY = YES;
				CLANG_WARN_ENUM_CONVERSION = YES;
				CLANG_WARN_INT_CONVERSION = YES;
				CLANG_WARN_OBJC_ROOT_CLASS = YES_ERROR;
				CLANG_WARN_UNREACHABLE_CODE = YES;
				CLANG_WARN__DUPLICATE_METHOD_MATCH = YES;
				"CODE_SIGN_IDENTITY[sdk=iphoneos*]" = "iPhone Developer";
				COPY_PHASE_STRIP = NO;
				ENABLE_STRICT_OBJC_MSGSEND = YES;
				GCC_C_LANGUAGE_STANDARD = gnu99;
				GCC_DYNAMIC_NO_PIC = NO;
				GCC_OPTIMIZATION_LEVEL = 0;
				GCC_PREPROCESSOR_DEFINITIONS = (
					"DEBUG=1",
					"$(inherited)",
				);
				GCC_SYMBOLS_PRIVATE_EXTERN = NO;
				GCC_WARN_64_TO_32_BIT_CONVERSION = YES;
				GCC_WARN_ABOUT_RETURN_TYPE = YES_ERROR;
				GCC_WARN_UNDECLARED_SELECTOR = YES;
				GCC_WARN_UNINITIALIZED_AUTOS = YES_AGGRESSIVE;
				GCC_WARN_UNUSED_FUNCTION = YES;
				GCC_WARN_UNUSED_VARIABLE = YES;
				IPHONEOS_DEPLOYMENT_TARGET = 7.0;
				MTL_ENABLE_DEBUG_INFO = YES;
				ONLY_ACTIVE_ARCH = YES;
				SDKROOT = iphoneos;
			};
			name = Debug;
		};
		08436C8C19D9576C0045FBC2 /* Release */ = {
			isa = XCBuildConfiguration;
			buildSettings = {
				ALWAYS_SEARCH_USER_PATHS = NO;
				CLANG_CXX_LANGUAGE_STANDARD = "gnu++0x";
				CLANG_CXX_LIBRARY = "libc++";
				CLANG_ENABLE_MODULES = YES;
				CLANG_ENABLE_OBJC_ARC = YES;
				CLANG_WARN_BOOL_CONVERSION = YES;
				CLANG_WARN_CONSTANT_CONVERSION = YES;
				CLANG_WARN_DIRECT_OBJC_ISA_USAGE = YES_ERROR;
				CLANG_WARN_EMPTY_BODY = YES;
				CLANG_WARN_ENUM_CONVERSION = YES;
				CLANG_WARN_INT_CONVERSION = YES;
				CLANG_WARN_OBJC_ROOT_CLASS = YES_ERROR;
				CLANG_WARN_UNREACHABLE_CODE = YES;
				CLANG_WARN__DUPLICATE_METHOD_MATCH = YES;
				"CODE_SIGN_IDENTITY[sdk=iphoneos*]" = "iPhone Developer";
				COPY_PHASE_STRIP = YES;
				ENABLE_NS_ASSERTIONS = NO;
				ENABLE_STRICT_OBJC_MSGSEND = YES;
				GCC_C_LANGUAGE_STANDARD = gnu99;
				GCC_WARN_64_TO_32_BIT_CONVERSION = YES;
				GCC_WARN_ABOUT_RETURN_TYPE = YES_ERROR;
				GCC_WARN_UNDECLARED_SELECTOR = YES;
				GCC_WARN_UNINITIALIZED_AUTOS = YES_AGGRESSIVE;
				GCC_WARN_UNUSED_FUNCTION = YES;
				GCC_WARN_UNUSED_VARIABLE = YES;
				IPHONEOS_DEPLOYMENT_TARGET = 7.0;
				MTL_ENABLE_DEBUG_INFO = NO;
				SDKROOT = iphoneos;
				VALIDATE_PRODUCT = YES;
			};
			name = Release;
		};
		08436C8E19D9576C0045FBC2 /* Debug */ = {
			isa = XCBuildConfiguration;
			buildSettings = {
				ASSETCATALOG_COMPILER_APPICON_NAME = AppIcon;
				ASSETCATALOG_COMPILER_LAUNCHIMAGE_NAME = LaunchImage;
				CODE_SIGN_IDENTITY = "iPhone Distribution: Suzhou Bona Xundong Software Co., Ltd";
				INFOPLIST_FILE = MobileDataSwich/Info.plist;
				IPHONEOS_DEPLOYMENT_TARGET = 6.0;
				LD_RUNPATH_SEARCH_PATHS = "$(inherited) @executable_path/Frameworks";
				PRODUCT_NAME = "$(TARGET_NAME)";
				PROVISIONING_PROFILE = "BB1956BF-1693-4017-A0CD-75759CB2C6F8";
			};
			name = Debug;
		};
		08436C8F19D9576C0045FBC2 /* Release */ = {
			isa = XCBuildConfiguration;
			buildSettings = {
				ASSETCATALOG_COMPILER_APPICON_NAME = AppIcon;
				ASSETCATALOG_COMPILER_LAUNCHIMAGE_NAME = LaunchImage;
				CODE_SIGN_IDENTITY = "iPhone Distribution: Suzhou Bona Xundong Software Co., Ltd";
				INFOPLIST_FILE = MobileDataSwich/Info.plist;
				IPHONEOS_DEPLOYMENT_TARGET = 6.0;
				LD_RUNPATH_SEARCH_PATHS = "$(inherited) @executable_path/Frameworks";
				PRODUCT_NAME = "$(TARGET_NAME)";
				PROVISIONING_PROFILE = "BB1956BF-1693-4017-A0CD-75759CB2C6F8";
			};
			name = Release;
		};
		08436C9119D9576C0045FBC2 /* Debug */ = {
			isa = XCBuildConfiguration;
			buildSettings = {
				BUNDLE_LOADER = "$(TEST_HOST)";
				FRAMEWORK_SEARCH_PATHS = (
					"$(SDKROOT)/Developer/Library/Frameworks",
					"$(inherited)",
				);
				GCC_PREPROCESSOR_DEFINITIONS = (
					"DEBUG=1",
					"$(inherited)",
				);
				INFOPLIST_FILE = MobileDataSwichTests/Info.plist;
				LD_RUNPATH_SEARCH_PATHS = "$(inherited) @executable_path/Frameworks @loader_path/Frameworks";
				PRODUCT_NAME = "$(TARGET_NAME)";
				TEST_HOST = "$(BUILT_PRODUCTS_DIR)/MobileDataSwich.app/MobileDataSwich";
			};
			name = Debug;
		};
		08436C9219D9576C0045FBC2 /* Release */ = {
			isa = XCBuildConfiguration;
			buildSettings = {
				BUNDLE_LOADER = "$(TEST_HOST)";
				FRAMEWORK_SEARCH_PATHS = (
					"$(SDKROOT)/Developer/Library/Frameworks",
					"$(inherited)",
				);
				INFOPLIST_FILE = MobileDataSwichTests/Info.plist;
				LD_RUNPATH_SEARCH_PATHS = "$(inherited) @executable_path/Frameworks @loader_path/Frameworks";
				PRODUCT_NAME = "$(TARGET_NAME)";
				TEST_HOST = "$(BUILT_PRODUCTS_DIR)/MobileDataSwich.app/MobileDataSwich";
			};
			name = Release;
		};
		EC66B9E019F03A3A004BCD5E /* Debug */ = {
			isa = XCBuildConfiguration;
			buildSettings = {
				CODE_SIGN_IDENTITY = "iPhone Distribution: Suzhou Bona Xundong Software Co., Ltd";
				GCC_PREPROCESSOR_DEFINITIONS = (
					"DEBUG=1",
					"$(inherited)",
				);
				INFOPLIST_FILE = TodayExtension/Info.plist;
				IPHONEOS_DEPLOYMENT_TARGET = 8.0;
				LD_RUNPATH_SEARCH_PATHS = "$(inherited) @executable_path/Frameworks @executable_path/../../Frameworks";
				PRODUCT_NAME = "$(TARGET_NAME)";
				PROVISIONING_PROFILE = "BB1956BF-1693-4017-A0CD-75759CB2C6F8";
				SKIP_INSTALL = YES;
			};
			name = Debug;
		};
		EC66B9E119F03A3A004BCD5E /* Release */ = {
			isa = XCBuildConfiguration;
			buildSettings = {
				CODE_SIGN_IDENTITY = "iPhone Distribution: Suzhou Bona Xundong Software Co., Ltd";
				INFOPLIST_FILE = TodayExtension/Info.plist;
				IPHONEOS_DEPLOYMENT_TARGET = 8.0;
				LD_RUNPATH_SEARCH_PATHS = "$(inherited) @executable_path/Frameworks @executable_path/../../Frameworks";
				PRODUCT_NAME = "$(TARGET_NAME)";
				PROVISIONING_PROFILE = "BB1956BF-1693-4017-A0CD-75759CB2C6F8";
				SKIP_INSTALL = YES;
			};
			name = Release;
		};
/* End XCBuildConfiguration section */

/* Begin XCConfigurationList section */
		08436C6519D9576C0045FBC2 /* Build configuration list for PBXProject "MobileDataSwich" */ = {
			isa = XCConfigurationList;
			buildConfigurations = (
				08436C8B19D9576C0045FBC2 /* Debug */,
				08436C8C19D9576C0045FBC2 /* Release */,
			);
			defaultConfigurationIsVisible = 0;
			defaultConfigurationName = Release;
		};
		08436C8D19D9576C0045FBC2 /* Build configuration list for PBXNativeTarget "MobileDataSwich" */ = {
			isa = XCConfigurationList;
			buildConfigurations = (
				08436C8E19D9576C0045FBC2 /* Debug */,
				08436C8F19D9576C0045FBC2 /* Release */,
			);
			defaultConfigurationIsVisible = 0;
			defaultConfigurationName = Release;
		};
		08436C9019D9576C0045FBC2 /* Build configuration list for PBXNativeTarget "MobileDataSwichTests" */ = {
			isa = XCConfigurationList;
			buildConfigurations = (
				08436C9119D9576C0045FBC2 /* Debug */,
				08436C9219D9576C0045FBC2 /* Release */,
			);
			defaultConfigurationIsVisible = 0;
			defaultConfigurationName = Release;
		};
		EC66B9DF19F03A3A004BCD5E /* Build configuration list for PBXNativeTarget "TodayExtension" */ = {
			isa = XCConfigurationList;
			buildConfigurations = (
				EC66B9E019F03A3A004BCD5E /* Debug */,
				EC66B9E119F03A3A004BCD5E /* Release */,
			);
			defaultConfigurationIsVisible = 0;
			defaultConfigurationName = Release;
		};
/* End XCConfigurationList section */
	};
	rootObject = 08436C6219D9576C0045FBC2 /* Project object */;
}
